
Microsoft Visual Studio Solution File, Format Version 12.00
# Visual Studio Version 17
VisualStudioVersion = 17.4.33122.133
MinimumVisualStudioVersion = 10.0.40219.1
Project("{FAE04EC0-301F-11D3-BF4B-00C04F79EFBC}") = "Deliverable 1", "Deliverable 1\Deliverable 1.csproj", "{5F64B35F-0A6C-4D39-9F7C-A86EC053E7F8}"
EndProject
Global
	GlobalSection(SolutionConfigurationPlatforms) = preSolution
		Debug|Any CPU = Debug|Any CPU
		Release|Any CPU = Release|Any CPU
	EndGlobalSection
	GlobalSection(ProjectConfigurationPlatforms) = postSolution
		{5F64B35F-0A6C-4D39-9F7C-A86EC053E7F8}.Debug|Any CPU.ActiveCfg = Debug|Any CPU
		{5F64B35F-0A6C-4D39-9F7C-A86EC053E7F8}.Debug|Any CPU.Build.0 = Debug|Any CPU
		{5F64B35F-0A6C-4D39-9F7C-A86EC053E7F8}.Release|Any CPU.ActiveCfg = Release|Any CPU
		{5F64B35F-0A6C-4D39-9F7C-A86EC053E7F8}.Release|Any CPU.Build.0 = Release|Any CPU
	EndGlobalSection
	GlobalSection(SolutionProperties) = preSolution
		HideSolutionNode = FALSE
	EndGlobalSection
	GlobalSection(ExtensibilityGlobals) = postSolution
		SolutionGuid = {E4F2F271-584F-4C19-976C-A75F2276BC6D}
	EndGlobalSection
EndGlobal
